
Microsoft Visual Studio Solution File, Format Version 12.00
# Visual Studio Version 17
VisualStudioVersion = 17.0.31903.59
MinimumVisualStudioVersion = 10.0.40219.1
Project("{FAE04EC0-301F-11D3-BF4B-00C04F79EFBC}") = "CoordinatorNode", "CoordinatorNode\CoordinatorNode.csproj", "{0EC3AEBF-1C6B-41E0-BDAF-97E8467E35CC}"
EndProject
Project("{FAE04EC0-301F-11D3-BF4B-00C04F79EFBC}") = "UI", "UI\UI.csproj", "{9CF6C417-2423-4ABA-A654-2D6D26571DD6}"
EndProject
Project("{FAE04EC0-301F-11D3-BF4B-00C04F79EFBC}") = "ServerNode", "ServerNode\ServerNode.csproj", "{245E2B50-A932-44E5-B606-1094DBE5CEBA}"
EndProject
Global
	GlobalSection(SolutionConfigurationPlatforms) = preSolution
		Debug|Any CPU = Debug|Any CPU
		Release|Any CPU = Release|Any CPU
	EndGlobalSection
	GlobalSection(SolutionProperties) = preSolution
		HideSolutionNode = FALSE
	EndGlobalSection
	GlobalSection(ProjectConfigurationPlatforms) = postSolution
		{0EC3AEBF-1C6B-41E0-BDAF-97E8467E35CC}.Debug|Any CPU.ActiveCfg = Debug|Any CPU
		{0EC3AEBF-1C6B-41E0-BDAF-97E8467E35CC}.Debug|Any CPU.Build.0 = Debug|Any CPU
		{0EC3AEBF-1C6B-41E0-BDAF-97E8467E35CC}.Release|Any CPU.ActiveCfg = Release|Any CPU
		{0EC3AEBF-1C6B-41E0-BDAF-97E8467E35CC}.Release|Any CPU.Build.0 = Release|Any CPU
		{9CF6C417-2423-4ABA-A654-2D6D26571DD6}.Debug|Any CPU.ActiveCfg = Debug|Any CPU
		{9CF6C417-2423-4ABA-A654-2D6D26571DD6}.Debug|Any CPU.Build.0 = Debug|Any CPU
		{9CF6C417-2423-4ABA-A654-2D6D26571DD6}.Release|Any CPU.ActiveCfg = Release|Any CPU
		{9CF6C417-2423-4ABA-A654-2D6D26571DD6}.Release|Any CPU.Build.0 = Release|Any CPU
		{245E2B50-A932-44E5-B606-1094DBE5CEBA}.Debug|Any CPU.ActiveCfg = Debug|Any CPU
		{245E2B50-A932-44E5-B606-1094DBE5CEBA}.Debug|Any CPU.Build.0 = Debug|Any CPU
		{245E2B50-A932-44E5-B606-1094DBE5CEBA}.Release|Any CPU.ActiveCfg = Release|Any CPU
		{245E2B50-A932-44E5-B606-1094DBE5CEBA}.Release|Any CPU.Build.0 = Release|Any CPU
	EndGlobalSection
EndGlobal
